
Microsoft Visual Studio Solution File, Format Version 12.00
# Visual Studio 15
VisualStudioVersion = 15.0.27428.2037
MinimumVisualStudioVersion = 10.0.40219.1
Project("{FAE04EC0-301F-11D3-BF4B-00C04F79EFBC}") = "Services.Controller", "Services.Controller\Services.Controller.csproj", "{E829422F-A7F1-479E-AF20-817643B2116E}"
	ProjectSection(ProjectDependencies) = postProject
		{B3710D73-2193-47EB-A4A8-DD29864BD098} = {B3710D73-2193-47EB-A4A8-DD29864BD098}
		{B8A9D573-60D3-4F31-8BB1-F2997179A239} = {B8A9D573-60D3-4F31-8BB1-F2997179A239}
		{18B38381-8914-48D5-82AE-642EF1537A18} = {18B38381-8914-48D5-82AE-642EF1537A18}
		{C38C52B5-D9D0-4DC1-9782-3B9BAED59FBA} = {C38C52B5-D9D0-4DC1-9782-3B9BAED59FBA}
		{8FCF1ECE-1C16-4244-B9E7-0D223BB8B71F} = {8FCF1ECE-1C16-4244-B9E7-0D223BB8B71F}
		{2D0B94F1-BDB7-4328-A093-36763A1697AE} = {2D0B94F1-BDB7-4328-A093-36763A1697AE}
	EndProjectSection
EndProject
Project("{2150E333-8FDC-42A3-9474-1A3956D46DE8}") = "Tests", "Tests", "{8D24C1E6-8A34-469E-A742-FBC1DC9DA82E}"
EndProject
Project("{FAE04EC0-301F-11D3-BF4B-00C04F79EFBC}") = "Services.Tests", "Services.Tests\Services.Tests.csproj", "{FFFC6E32-5141-4A65-A9B9-889C42090291}"
	ProjectSection(ProjectDependencies) = postProject
		{E829422F-A7F1-479E-AF20-817643B2116E} = {E829422F-A7F1-479E-AF20-817643B2116E}
		{B3710D73-2193-47EB-A4A8-DD29864BD098} = {B3710D73-2193-47EB-A4A8-DD29864BD098}
		{18B38381-8914-48D5-82AE-642EF1537A18} = {18B38381-8914-48D5-82AE-642EF1537A18}
		{8FCF1ECE-1C16-4244-B9E7-0D223BB8B71F} = {8FCF1ECE-1C16-4244-B9E7-0D223BB8B71F}
		{2D0B94F1-BDB7-4328-A093-36763A1697AE} = {2D0B94F1-BDB7-4328-A093-36763A1697AE}
	EndProjectSection
EndProject
Project("{FAE04EC0-301F-11D3-BF4B-00C04F79EFBC}") = "Services.JobService", "Services.JobService\Services.JobService.csproj", "{18B38381-8914-48D5-82AE-642EF1537A18}"
	ProjectSection(ProjectDependencies) = postProject
		{2D0B94F1-BDB7-4328-A093-36763A1697AE} = {2D0B94F1-BDB7-4328-A093-36763A1697AE}
	EndProjectSection
EndProject
Project("{FAE04EC0-301F-11D3-BF4B-00C04F79EFBC}") = "Services.ReferenceService", "Services.ReferenceService\Services.ReferenceService.csproj", "{B3710D73-2193-47EB-A4A8-DD29864BD098}"
	ProjectSection(ProjectDependencies) = postProject
		{2D0B94F1-BDB7-4328-A093-36763A1697AE} = {2D0B94F1-BDB7-4328-A093-36763A1697AE}
	EndProjectSection
EndProject
Project("{FAE04EC0-301F-11D3-BF4B-00C04F79EFBC}") = "Services.ApplicationCommon", "Services.Common\Services.ApplicationCommon.csproj", "{2D0B94F1-BDB7-4328-A093-36763A1697AE}"
EndProject
Project("{FAE04EC0-301F-11D3-BF4B-00C04F79EFBC}") = "Services.TransportService", "Services.HandlingUnitService\Services.TransportService.csproj", "{747E6697-D963-47B1-859D-38F218977E2A}"
	ProjectSection(ProjectDependencies) = postProject
		{C38C52B5-D9D0-4DC1-9782-3B9BAED59FBA} = {C38C52B5-D9D0-4DC1-9782-3B9BAED59FBA}
	EndProjectSection
EndProject
Project("{FAE04EC0-301F-11D3-BF4B-00C04F79EFBC}") = "Services.CommonService", "Services.ApplicationService\Services.CommonService.csproj", "{A8A9570B-D36F-4046-9397-6C109FEF71F1}"
EndProject
Project("{FAE04EC0-301F-11D3-BF4B-00C04F79EFBC}") = "Services.ShippingService", "Services.ShippingService\Services.ShippingService.csproj", "{2C5811A5-596F-4E6F-8BDF-5B7144F5FFDB}"
EndProject
Project("{FAE04EC0-301F-11D3-BF4B-00C04F79EFBC}") = "Services.ShipmentService", "Services.ShipmentService\Services.ShipmentService.csproj", "{B8A9D573-60D3-4F31-8BB1-F2997179A239}"
	ProjectSection(ProjectDependencies) = postProject
		{C38C52B5-D9D0-4DC1-9782-3B9BAED59FBA} = {C38C52B5-D9D0-4DC1-9782-3B9BAED59FBA}
	EndProjectSection
EndProject
Project("{FAE04EC0-301F-11D3-BF4B-00C04F79EFBC}") = "Services.CommonAdapter", "Services.CommonAdapter\Services.CommonAdapter.csproj", "{C38C52B5-D9D0-4DC1-9782-3B9BAED59FBA}"
EndProject
Project("{FAE04EC0-301F-11D3-BF4B-00C04F79EFBC}") = "Services.DeMobilizationService", "Services.DeMobilizationService\Services.DeMobilizationService.csproj", "{267D8174-35B2-4823-832F-AE7B80CF4675}"
EndProject
Project("{FAE04EC0-301F-11D3-BF4B-00C04F79EFBC}") = "Services.ConsumptionService", "Services.Consumption\Services.ConsumptionService.csproj", "{3B1AD9FC-2C79-440D-BC39-D305B8A5062C}"
EndProject
Project("{FAE04EC0-301F-11D3-BF4B-00C04F79EFBC}") = "Services.ExternalController", "Services.ExternalController\Services.ExternalController.csproj", "{084B636D-0E03-4D1C-B568-D5F108F1EE7E}"
EndProject
Project("{FAE04EC0-301F-11D3-BF4B-00C04F79EFBC}") = "Services.MobilizationService", "Services.MobilizationService\Services.MobilizationService.csproj", "{8FCF1ECE-1C16-4244-B9E7-0D223BB8B71F}"
EndProject
Global
	GlobalSection(SolutionConfigurationPlatforms) = preSolution
		Debug|Any CPU = Debug|Any CPU
		Release|Any CPU = Release|Any CPU
	EndGlobalSection
	GlobalSection(ProjectConfigurationPlatforms) = postSolution
		{E829422F-A7F1-479E-AF20-817643B2116E}.Debug|Any CPU.ActiveCfg = Debug|Any CPU
		{E829422F-A7F1-479E-AF20-817643B2116E}.Debug|Any CPU.Build.0 = Debug|Any CPU
		{E829422F-A7F1-479E-AF20-817643B2116E}.Release|Any CPU.ActiveCfg = Release|Any CPU
		{E829422F-A7F1-479E-AF20-817643B2116E}.Release|Any CPU.Build.0 = Release|Any CPU
		{FFFC6E32-5141-4A65-A9B9-889C42090291}.Debug|Any CPU.ActiveCfg = Debug|Any CPU
		{FFFC6E32-5141-4A65-A9B9-889C42090291}.Debug|Any CPU.Build.0 = Debug|Any CPU
		{FFFC6E32-5141-4A65-A9B9-889C42090291}.Release|Any CPU.ActiveCfg = Release|Any CPU
		{FFFC6E32-5141-4A65-A9B9-889C42090291}.Release|Any CPU.Build.0 = Release|Any CPU
		{18B38381-8914-48D5-82AE-642EF1537A18}.Debug|Any CPU.ActiveCfg = Debug|Any CPU
		{18B38381-8914-48D5-82AE-642EF1537A18}.Debug|Any CPU.Build.0 = Debug|Any CPU
		{18B38381-8914-48D5-82AE-642EF1537A18}.Release|Any CPU.ActiveCfg = Release|Any CPU
		{18B38381-8914-48D5-82AE-642EF1537A18}.Release|Any CPU.Build.0 = Release|Any CPU
		{B3710D73-2193-47EB-A4A8-DD29864BD098}.Debug|Any CPU.ActiveCfg = Debug|Any CPU
		{B3710D73-2193-47EB-A4A8-DD29864BD098}.Debug|Any CPU.Build.0 = Debug|Any CPU
		{B3710D73-2193-47EB-A4A8-DD29864BD098}.Release|Any CPU.ActiveCfg = Release|Any CPU
		{B3710D73-2193-47EB-A4A8-DD29864BD098}.Release|Any CPU.Build.0 = Release|Any CPU
		{2D0B94F1-BDB7-4328-A093-36763A1697AE}.Debug|Any CPU.ActiveCfg = Debug|Any CPU
		{2D0B94F1-BDB7-4328-A093-36763A1697AE}.Debug|Any CPU.Build.0 = Debug|Any CPU
		{2D0B94F1-BDB7-4328-A093-36763A1697AE}.Release|Any CPU.ActiveCfg = Release|Any CPU
		{2D0B94F1-BDB7-4328-A093-36763A1697AE}.Release|Any CPU.Build.0 = Release|Any CPU
		{747E6697-D963-47B1-859D-38F218977E2A}.Debug|Any CPU.ActiveCfg = Debug|Any CPU
		{747E6697-D963-47B1-859D-38F218977E2A}.Debug|Any CPU.Build.0 = Debug|Any CPU
		{747E6697-D963-47B1-859D-38F218977E2A}.Release|Any CPU.ActiveCfg = Release|Any CPU
		{747E6697-D963-47B1-859D-38F218977E2A}.Release|Any CPU.Build.0 = Release|Any CPU
		{A8A9570B-D36F-4046-9397-6C109FEF71F1}.Debug|Any CPU.ActiveCfg = Debug|Any CPU
		{A8A9570B-D36F-4046-9397-6C109FEF71F1}.Debug|Any CPU.Build.0 = Debug|Any CPU
		{A8A9570B-D36F-4046-9397-6C109FEF71F1}.Release|Any CPU.ActiveCfg = Release|Any CPU
		{A8A9570B-D36F-4046-9397-6C109FEF71F1}.Release|Any CPU.Build.0 = Release|Any CPU
		{2C5811A5-596F-4E6F-8BDF-5B7144F5FFDB}.Debug|Any CPU.ActiveCfg = Debug|Any CPU
		{2C5811A5-596F-4E6F-8BDF-5B7144F5FFDB}.Debug|Any CPU.Build.0 = Debug|Any CPU
		{2C5811A5-596F-4E6F-8BDF-5B7144F5FFDB}.Release|Any CPU.ActiveCfg = Release|Any CPU
		{2C5811A5-596F-4E6F-8BDF-5B7144F5FFDB}.Release|Any CPU.Build.0 = Release|Any CPU
		{B8A9D573-60D3-4F31-8BB1-F2997179A239}.Debug|Any CPU.ActiveCfg = Debug|Any CPU
		{B8A9D573-60D3-4F31-8BB1-F2997179A239}.Debug|Any CPU.Build.0 = Debug|Any CPU
		{B8A9D573-60D3-4F31-8BB1-F2997179A239}.Release|Any CPU.ActiveCfg = Release|Any CPU
		{B8A9D573-60D3-4F31-8BB1-F2997179A239}.Release|Any CPU.Build.0 = Release|Any CPU
		{C38C52B5-D9D0-4DC1-9782-3B9BAED59FBA}.Debug|Any CPU.ActiveCfg = Debug|Any CPU
		{C38C52B5-D9D0-4DC1-9782-3B9BAED59FBA}.Debug|Any CPU.Build.0 = Debug|Any CPU
		{C38C52B5-D9D0-4DC1-9782-3B9BAED59FBA}.Release|Any CPU.ActiveCfg = Release|Any CPU
		{C38C52B5-D9D0-4DC1-9782-3B9BAED59FBA}.Release|Any CPU.Build.0 = Release|Any CPU
		{267D8174-35B2-4823-832F-AE7B80CF4675}.Debug|Any CPU.ActiveCfg = Debug|Any CPU
		{267D8174-35B2-4823-832F-AE7B80CF4675}.Debug|Any CPU.Build.0 = Debug|Any CPU
		{267D8174-35B2-4823-832F-AE7B80CF4675}.Release|Any CPU.ActiveCfg = Release|Any CPU
		{267D8174-35B2-4823-832F-AE7B80CF4675}.Release|Any CPU.Build.0 = Release|Any CPU
		{3B1AD9FC-2C79-440D-BC39-D305B8A5062C}.Debug|Any CPU.ActiveCfg = Debug|Any CPU
		{3B1AD9FC-2C79-440D-BC39-D305B8A5062C}.Debug|Any CPU.Build.0 = Debug|Any CPU
		{3B1AD9FC-2C79-440D-BC39-D305B8A5062C}.Release|Any CPU.ActiveCfg = Release|Any CPU
		{3B1AD9FC-2C79-440D-BC39-D305B8A5062C}.Release|Any CPU.Build.0 = Release|Any CPU
		{084B636D-0E03-4D1C-B568-D5F108F1EE7E}.Debug|Any CPU.ActiveCfg = Debug|Any CPU
		{084B636D-0E03-4D1C-B568-D5F108F1EE7E}.Debug|Any CPU.Build.0 = Debug|Any CPU
		{084B636D-0E03-4D1C-B568-D5F108F1EE7E}.Release|Any CPU.ActiveCfg = Release|Any CPU
		{084B636D-0E03-4D1C-B568-D5F108F1EE7E}.Release|Any CPU.Build.0 = Release|Any CPU
		{8FCF1ECE-1C16-4244-B9E7-0D223BB8B71F}.Debug|Any CPU.ActiveCfg = Debug|Any CPU
		{8FCF1ECE-1C16-4244-B9E7-0D223BB8B71F}.Debug|Any CPU.Build.0 = Debug|Any CPU
		{8FCF1ECE-1C16-4244-B9E7-0D223BB8B71F}.Release|Any CPU.ActiveCfg = Release|Any CPU
		{8FCF1ECE-1C16-4244-B9E7-0D223BB8B71F}.Release|Any CPU.Build.0 = Release|Any CPU
	EndGlobalSection
	GlobalSection(SolutionProperties) = preSolution
		HideSolutionNode = FALSE
	EndGlobalSection
	GlobalSection(NestedProjects) = preSolution
		{FFFC6E32-5141-4A65-A9B9-889C42090291} = {8D24C1E6-8A34-469E-A742-FBC1DC9DA82E}
	EndGlobalSection
	GlobalSection(ExtensibilityGlobals) = postSolution
		SolutionGuid = {467BDD3C-48BA-4CCA-AFCE-E06BDBFB0255}
	EndGlobalSection
EndGlobal
